// !$*UTF8*$!
{
	archiveVersion = 1;
	classes = {
	};
	objectVersion = 77;
	objects = {

/* Begin PBXContainerItemProxy section */
		9608C85C2F82E2F70036D45E /* PBXContainerItemProxy */ = {
			isa = PBXContainerItemProxy;
			containerPortal = 9608C8442F82E2F40036D45E /* Project object */;
			proxyType = 1;
			remoteGlobalIDString = 9608C84B2F82E2F40036D45E;
			remoteInfo = thinknote;
		};
		9608C8662F82E2F70036D45E /* PBXContainerItemProxy */ = {
			isa = PBXContainerItemProxy;
			containerPortal = 9608C8442F82E2F40036D45E /* Project object */;
			proxyType = 1;
			remoteGlobalIDString = 9608C84B2F82E2F40036D45E;
			remoteInfo = thinknote;
		};
/* End PBXContainerItemProxy section */

/* Begin PBXFileReference section */
		14DDAA3A4F00100000000001 /* README.md */ = {isa = PBXFileReference; lastKnownFileType = net.daringfireball.markdown; path = README.md; sourceTree = "<group>"; };
		14DDAA3A4F00100000000002 /* engineering.md */ = {isa = PBXFileReference; lastKnownFileType = net.daringfireball.markdown; path = engineering.md; sourceTree = "<group>"; };
		14DDAA3A4F00100000000003 /* product.md */ = {isa = PBXFileReference; lastKnownFileType = net.daringfireball.markdown; path = product.md; sourceTree = "<group>"; };
		14DDAA3A4F00100000000004 /* ux.md */ = {isa = PBXFileReference; lastKnownFileType = net.daringfireball.markdown; path = ux.md; sourceTree = "<group>"; };
		9608C84C2F82E2F40036D45E /* thinknote.app */ = {isa = PBXFileReference; explicitFileType = wrapper.application; includeInIndex = 0; path = thinknote.app; sourceTree = BUILT_PRODUCTS_DIR; };
		9608C85B2F82E2F70036D45E /* thinknoteTests.xctest */ = {isa = PBXFileReference; explicitFileType = wrapper.cfbundle; includeInIndex = 0; path = thinknoteTests.xctest; sourceTree = BUILT_PRODUCTS_DIR; };
		9608C8652F82E2F70036D45E /* thinknoteUITests.xctest */ = {isa = PBXFileReference; explicitFileType = wrapper.cfbundle; includeInIndex = 0; path = thinknoteUITests.xctest; sourceTree = BUILT_PRODUCTS_DIR; };
/* End PBXFileReference section */

/* Begin PBXFileSystemSynchronizedRootGroup section */
		9608C84E2F82E2F40036D45E /* thinknote */ = {
			isa = PBXFileSystemSynchronizedRootGroup;
			path = thinknote;
			sourceTree = "<group>";
		};
		9608C85E2F82E2F70036D45E /* thinknoteTests */ = {
			isa = PBXFileSystemSynchronizedRootGroup;
			path = thinknoteTests;
			sourceTree = "<group>";
		};
		9608C8682F82E2F70036D45E /* thinknoteUITests */ = {
			isa = PBXFileSystemSynchronizedRootGroup;
			path = thinknoteUITests;
			sourceTree = "<group>";
		};
/* End PBXFileSystemSynchronizedRootGroup section */

/* Begin PBXFrameworksBuildPhase section */
		9608C8492F82E2F40036D45E /* Frameworks */ = {
			isa = PBXFrameworksBuildPhase;
			buildActionMask = 2147483647;
			files = (
			);
			runOnlyForDeploymentPostprocessing = 0;
		};
		9608C8582F82E2F70036D45E /* Frameworks */ = {
			isa = PBXFrameworksBuildPhase;
			buildActionMask = 2147483647;
			files = (
			);
			runOnlyForDeploymentPostprocessing = 0;
		};
		9608C8622F82E2F70036D45E /* Frameworks */ = {
			isa = PBXFrameworksBuildPhase;
			buildActionMask = 2147483647;
			files = (
			);
			runOnlyForDeploymentPostprocessing = 0;
		};
/* End PBXFrameworksBuildPhase section */

/* Begin PBXGroup section */
		9608C8432F82E2F40036D45E = {
			isa = PBXGroup;
			children = (
				14DDAA3A4F00100000000001 /* README.md */,
				14DDAA3A4F00100000000002 /* engineering.md */,
				14DDAA3A4F00100000000003 /* product.md */,
				14DDAA3A4F00100000000004 /* ux.md */,
				9608C84E2F82E2F40036D45E /* thinknote */,
				9608C85E2F82E2F70036D45E /* thinknoteTests */,
				9608C8682F82E2F70036D45E /* thinknoteUITests */,
				9608C84D2F82E2F40036D45E /* Products */,
			);
			sourceTree = "<group>";
		};
		9608C84D2F82E2F40036D45E /* Products */ = {
			isa = PBXGroup;
			children = (
				9608C84C2F82E2F40036D45E /* thinknote.app */,
				9608C85B2F82E2F70036D45E /* thinknoteTests.xctest */,
				9608C8652F82E2F70036D45E /* thinknoteUITests.xctest */,
			);
			name = Products;
			sourceTree = "<group>";
		};
/* End PBXGroup section */

/* Begin PBXNativeTarget section */
		9608C84B2F82E2F40036D45E /* thinknote */ = {
			isa = PBXNativeTarget;
			buildConfigurationList = 9608C86F2F82E2F70036D45E /* Build configuration list for PBXNativeTarget "thinknote" */;
			buildPhases = (
				9608C8482F82E2F40036D45E /* Sources */,
				9608C8492F82E2F40036D45E /* Frameworks */,
				9608C84A2F82E2F40036D45E /* Resources */,
			);
			buildRules = (
			);
			dependencies = (
			);
			fileSystemSynchronizedGroups = (
				9608C84E2F82E2F40036D45E /* thinknote */,
			);
			name = thinknote;
			packageProductDependencies = (
			);
			productName = thinknote;
			productReference = 9608C84C2F82E2F40036D45E /* thinknote.app */;
			productType = "com.apple.product-type.application";
		};
		9608C85A2F82E2F70036D45E /* thinknoteTests */ = {
			isa = PBXNativeTarget;
			buildConfigurationList = 9608C8722F82E2F70036D45E /* Build configuration list for PBXNativeTarget "thinknoteTests" */;
			buildPhases = (
				9608C8572F82E2F70036D45E /* Sources */,
				9608C8582F82E2F70036D45E /* Frameworks */,
				9608C8592F82E2F70036D45E /* Resources */,
			);
			buildRules = (
			);
			dependencies = (
				9608C85D2F82E2F70036D45E /* PBXTargetDependency */,
			);
			fileSystemSynchronizedGroups = (
				9608C85E2F82E2F70036D45E /* thinknoteTests */,
			);
			name = thinknoteTests;
			packageProductDependencies = (
			);
			productName = thinknoteTests;
			productReference = 9608C85B2F82E2F70036D45E /* thinknoteTests.xctest */;
			productType = "com.apple.product-type.bundle.unit-test";
		};
		9608C8642F82E2F70036D45E /* thinknoteUITests */ = {
			isa = PBXNativeTarget;
			buildConfigurationList = 9608C8752F82E2F70036D45E /* Build configuration list for PBXNativeTarget "thinknoteUITests" */;
			buildPhases = (
				9608C8612F82E2F70036D45E /* Sources */,
				9608C8622F82E2F70036D45E /* Frameworks */,
				9608C8632F82E2F70036D45E /* Resources */,
			);
			buildRules = (
			);
			dependencies = (
				9608C8672F82E2F70036D45E /* PBXTargetDependency */,
			);
			fileSystemSynchronizedGroups = (
				9608C8682F82E2F70036D45E /* thinknoteUITests */,
			);
			name = thinknoteUITests;
			packageProductDependencies = (
			);
			productName = thinknoteUITests;
			productReference = 9608C8652F82E2F70036D45E /* thinknoteUITests.xctest */;
			productType = "com.apple.product-type.bundle.ui-testing";
		};
/* End PBXNativeTarget section */

/* Begin PBXProject section */
		9608C8442F82E2F40036D45E /* Project object */ = {
			isa = PBXProject;
			attributes = {
				BuildIndependentTargetsInParallel = 1;
				LastSwiftUpdateCheck = 2640;
				LastUpgradeCheck = 2640;
				TargetAttributes = {
					9608C84B2F82E2F40036D45E = {
						CreatedOnToolsVersion = 26.4;
					};
					9608C85A2F82E2F70036D45E = {
						CreatedOnToolsVersion = 26.4;
						TestTargetID = 9608C84B2F82E2F40036D45E;
					};
					9608C8642F82E2F70036D45E = {
						CreatedOnToolsVersion = 26.4;
						TestTargetID = 9608C84B2F82E2F40036D45E;
					};
				};
			};
			buildConfigurationList = 9608C8472F82E2F40036D45E /* Build configuration list for PBXProject "thinknote" */;
			developmentRegion = en;
			hasScannedForEncodings = 0;
			knownRegions = (
				en,
				Base,
			);
			mainGroup = 9608C8432F82E2F40036D45E;
			minimizedProjectReferenceProxies = 1;
			preferredProjectObjectVersion = 77;
			productRefGroup = 9608C84D2F82E2F40036D45E /* Products */;
			projectDirPath = "";
			projectRoot = "";
			targets = (
				9608C84B2F82E2F40036D45E /* thinknote */,
				9608C85A2F82E2F70036D45E /* thinknoteTests */,
				9608C8642F82E2F70036D45E /* thinknoteUITests */,
			);
		};
/* End PBXProject section */

/* Begin PBXResourcesBuildPhase section */
		9608C84A2F82E2F40036D45E /* Resources */ = {
			isa = PBXResourcesBuildPhase;
			buildActionMask = 2147483647;
			files = (
			);
			runOnlyForDeploymentPostprocessing = 0;
		};
		9608C8592F82E2F70036D45E /* Resources */ = {
			isa = PBXResourcesBuildPhase;
			buildActionMask = 2147483647;
			files = (
			);
			runOnlyForDeploymentPostprocessing = 0;
		};
		9608C8632F82E2F70036D45E /* Resources */ = {
			isa = PBXResourcesBuildPhase;
			buildActionMask = 2147483647;
			files = (
			);
			runOnlyForDeploymentPostprocessing = 0;
		};
/* End PBXResourcesBuildPhase section */

/* Begin PBXSourcesBuildPhase section */
		9608C8482F82E2F40036D45E /* Sources */ = {
			isa = PBXSourcesBuildPhase;
			buildActionMask = 2147483647;
			files = (
			);
			runOnlyForDeploymentPostprocessing = 0;
		};
		9608C8572F82E2F70036D45E /* Sources */ = {
			isa = PBXSourcesBuildPhase;
			buildActionMask = 2147483647;
			files = (
			);
			runOnlyForDeploymentPostprocessing = 0;
		};
		9608C8612F82E2F70036D45E /* Sources */ = {
			isa = PBXSourcesBuildPhase;
			buildActionMask = 2147483647;
			files = (
			);
			runOnlyForDeploymentPostprocessing = 0;
		};
/* End PBXSourcesBuildPhase section */

/* Begin PBXTargetDependency section */
		9608C85D2F82E2F70036D45E /* PBXTargetDependency */ = {
			isa = PBXTargetDependency;
			target = 9608C84B2F82E2F40036D45E /* thinknote */;
			targetProxy = 9608C85C2F82E2F70036D45E /* PBXContainerItemProxy */;
		};
		9608C8672F82E2F70036D45E /* PBXTargetDependency */ = {
			isa = PBXTargetDependency;
			target = 9608C84B2F82E2F40036D45E /* thinknote */;
			targetProxy = 9608C8662F82E2F70036D45E /* PBXContainerItemProxy */;
		};
/* End PBXTargetDependency section */

/* Begin XCBuildConfiguration section */
		9608C86D2F82E2F70036D45E /* Debug */ = {
			isa = XCBuildConfiguration;
			buildSettings = {
				ALWAYS_SEARCH_USER_PATHS = NO;
				ASSETCATALOG_COMPILER_GENERATE_SWIFT_ASSET_SYMBOL_EXTENSIONS = YES;
				CLANG_ANALYZER_NONNULL = YES;
				CLANG_ANALYZER_NUMBER_OBJECT_CONVERSION = YES_AGGRESSIVE;
				CLANG_CXX_LANGUAGE_STANDARD = "gnu++20";
				CLANG_ENABLE_MODULES = YES;
				CLANG_ENABLE_OBJC_ARC = YES;
				CLANG_ENABLE_OBJC_WEAK = YES;
				CLANG_WARN_BLOCK_CAPTURE_AUTORELEASING = YES;
				CLANG_WARN_BOOL_CONVERSION = YES;
				CLANG_WARN_COMMA = YES;
				CLANG_WARN_CONSTANT_CONVERSION = YES;
				CLANG_WARN_DEPRECATED_OBJC_IMPLEMENTATIONS = YES;
				CLANG_WARN_DIRECT_OBJC_ISA_USAGE = YES_ERROR;
				CLANG_WARN_DOCUMENTATION_COMMENTS = YES;
				CLANG_WARN_EMPTY_BODY = YES;
				CLANG_WARN_ENUM_CONVERSION = YES;
				CLANG_WARN_INFINITE_RECURSION = YES;
				CLANG_WARN_INT_CONVERSION = YES;
				CLANG_WARN_NON_LITERAL_NULL_CONVERSION = YES;
				CLANG_WARN_OBJC_IMPLICIT_RETAIN_SELF = YES;
				CLANG_WARN_OBJC_LITERAL_CONVERSION = YES;
				CLANG_WARN_OBJC_ROOT_CLASS = YES_ERROR;
				CLANG_WARN_QUOTED_INCLUDE_IN_FRAMEWORK_HEADER = YES;
				CLANG_WARN_RANGE_LOOP_ANALYSIS = YES;
				CLANG_WARN_STRICT_PROTOTYPES = YES;
				CLANG_WARN_SUSPICIOUS_MOVE = YES;
				CLANG_WARN_UNGUARDED_AVAILABILITY = YES_AGGRESSIVE;
				CLANG_WARN_UNREACHABLE_CODE = YES;
				CLANG_WARN__DUPLICATE_METHOD_MATCH = YES;
				COPY_PHASE_STRIP = NO;
				DEBUG_INFORMATION_FORMAT = dwarf;
				DEVELOPMENT_TEAM = 44U2S8ADH2;
				ENABLE_STRICT_OBJC_MSGSEND = YES;
				ENABLE_TESTABILITY = YES;
				ENABLE_USER_SCRIPT_SANDBOXING = YES;
				GCC_C_LANGUAGE_STANDARD = gnu17;
				GCC_DYNAMIC_NO_PIC = NO;
				GCC_NO_COMMON_BLOCKS = YES;
				GCC_OPTIMIZATION_LEVEL = 0;
				GCC_PREPROCESSOR_DEFINITIONS = (
					"DEBUG=1",
					"$(inherited)",
				);
				GCC_WARN_64_TO_32_BIT_CONVERSION = YES;
				GCC_WARN_ABOUT_RETURN_TYPE = YES_ERROR;
				GCC_WARN_UNDECLARED_SELECTOR = YES;
				GCC_WARN_UNINITIALIZED_AUTOS = YES_AGGRESSIVE;
				GCC_WARN_UNUSED_FUNCTION = YES;
				GCC_WARN_UNUSED_VARIABLE = YES;
				IPHONEOS_DEPLOYMENT_TARGET = 26.4;
				LOCALIZATION_PREFERS_STRING_CATALOGS = YES;
				MTL_ENABLE_DEBUG_INFO = INCLUDE_SOURCE;
				MTL_FAST_MATH = YES;
				ONLY_ACTIVE_ARCH = YES;
				SDKROOT = iphoneos;
				SWIFT_ACTIVE_COMPILATION_CONDITIONS = "DEBUG $(inherited)";
				SWIFT_OPTIMIZATION_LEVEL = "-Onone";
			};
			name = Debug;
		};
		9608C86E2F82E2F70036D45E /* Release */ = {
			isa = XCBuildConfiguration;
			buildSettings = {
				ALWAYS_SEARCH_USER_PATHS = NO;
				ASSETCATALOG_COMPILER_GENERATE_SWIFT_ASSET_SYMBOL_EXTENSIONS = YES;
				CLANG_ANALYZER_NONNULL = YES;
				CLANG_ANALYZER_NUMBER_OBJECT_CONVERSION = YES_AGGRESSIVE;
				CLANG_CXX_LANGUAGE_STANDARD = "gnu++20";
				CLANG_ENABLE_MODULES = YES;
				CLANG_ENABLE_OBJC_ARC = YES;
				CLANG_ENABLE_OBJC_WEAK = YES;
				CLANG_WARN_BLOCK_CAPTURE_AUTORELEASING = YES;
				CLANG_WARN_BOOL_CONVERSION = YES;
				CLANG_WARN_COMMA = YES;
				CLANG_WARN_CONSTANT_CONVERSION = YES;
				CLANG_WARN_DEPRECATED_OBJC_IMPLEMENTATIONS = YES;
				CLANG_WARN_DIRECT_OBJC_ISA_USAGE = YES_ERROR;
				CLANG_WARN_DOCUMENTATION_COMMENTS = YES;
				CLANG_WARN_EMPTY_BODY = YES;
				CLANG_WARN_ENUM_CONVERSION = YES;
				CLANG_WARN_INFINITE_RECURSION = YES;
				CLANG_WARN_INT_CONVERSION = YES;
				CLANG_WARN_NON_LITERAL_NULL_CONVERSION = YES;
				CLANG_WARN_OBJC_IMPLICIT_RETAIN_SELF = YES;
				CLANG_WARN_OBJC_LITERAL_CONVERSION = YES;
				CLANG_WARN_OBJC_ROOT_CLASS = YES_ERROR;
				CLANG_WARN_QUOTED_INCLUDE_IN_FRAMEWORK_HEADER = YES;
				CLANG_WARN_RANGE_LOOP_ANALYSIS = YES;
				CLANG_WARN_STRICT_PROTOTYPES = YES;
				CLANG_WARN_SUSPICIOUS_MOVE = YES;
				CLANG_WARN_UNGUARDED_AVAILABILITY = YES_AGGRESSIVE;
				CLANG_WARN_UNREACHABLE_CODE = YES;
				CLANG_WARN__DUPLICATE_METHOD_MATCH = YES;
				COPY_PHASE_STRIP = NO;
				DEBUG_INFORMATION_FORMAT = "dwarf-with-dsym";
				DEVELOPMENT_TEAM = 44U2S8ADH2;
				ENABLE_NS_ASSERTIONS = NO;
				ENABLE_STRICT_OBJC_MSGSEND = YES;
				ENABLE_USER_SCRIPT_SANDBOXING = YES;
				GCC_C_LANGUAGE_STANDARD = gnu17;
				GCC_NO_COMMON_BLOCKS = YES;
				GCC_WARN_64_TO_32_BIT_CONVERSION = YES;
				GCC_WARN_ABOUT_RETURN_TYPE = YES_ERROR;
				GCC_WARN_UNDECLARED_SELECTOR = YES;
				GCC_WARN_UNINITIALIZED_AUTOS = YES_AGGRESSIVE;
				GCC_WARN_UNUSED_FUNCTION = YES;
				GCC_WARN_UNUSED_VARIABLE = YES;
				IPHONEOS_DEPLOYMENT_TARGET = 26.4;
				LOCALIZATION_PREFERS_STRING_CATALOGS = YES;
				MTL_ENABLE_DEBUG_INFO = NO;
				MTL_FAST_MATH = YES;
				SDKROOT = iphoneos;
				SWIFT_COMPILATION_MODE = wholemodule;
				VALIDATE_PRODUCT = YES;
			};
			name = Release;
		};
		9608C8702F82E2F70036D45E /* Debug */ = {
			isa = XCBuildConfiguration;
			buildSettings = {
				ASSETCATALOG_COMPILER_APPICON_NAME = AppIcon;
				ASSETCATALOG_COMPILER_GLOBAL_ACCENT_COLOR_NAME = AccentColor;
				CODE_SIGN_STYLE = Automatic;
				CURRENT_PROJECT_VERSION = 1;
				DEVELOPMENT_TEAM = 44U2S8ADH2;
				ENABLE_PREVIEWS = YES;
				GENERATE_INFOPLIST_FILE = NO;
				INFOPLIST_FILE = Info.plist;
				LD_RUNPATH_SEARCH_PATHS = (
					"$(inherited)",
					"@executable_path/Frameworks",
				);
				MARKETING_VERSION = 1.0;
				PRODUCT_BUNDLE_IDENTIFIER = tyan.thinknote;
				PRODUCT_NAME = "$(TARGET_NAME)";
				STRING_CATALOG_GENERATE_SYMBOLS = YES;
				SWIFT_APPROACHABLE_CONCURRENCY = YES;
				SWIFT_DEFAULT_ACTOR_ISOLATION = MainActor;
				SWIFT_EMIT_LOC_STRINGS = YES;
				SWIFT_UPCOMING_FEATURE_MEMBER_IMPORT_VISIBILITY = YES;
				SWIFT_VERSION = 5.0;
				TARGETED_DEVICE_FAMILY = "1,2";
			};
			name = Debug;
		};
		9608C8712F82E2F70036D45E /* Release */ = {
			isa = XCBuildConfiguration;
			buildSettings = {
				ASSETCATALOG_COMPILER_APPICON_NAME = AppIcon;
				ASSETCATALOG_COMPILER_GLOBAL_ACCENT_COLOR_NAME = AccentColor;
				CODE_SIGN_STYLE = Automatic;
				CURRENT_PROJECT_VERSION = 1;
				DEVELOPMENT_TEAM = 44U2S8ADH2;
				ENABLE_PREVIEWS = YES;
				GENERATE_INFOPLIST_FILE = NO;
				INFOPLIST_FILE = Info.plist;
				LD_RUNPATH_SEARCH_PATHS = (
					"$(inherited)",
					"@executable_path/Frameworks",
				);
				MARKETING_VERSION = 1.0;
				PRODUCT_BUNDLE_IDENTIFIER = tyan.thinknote;
				PRODUCT_NAME = "$(TARGET_NAME)";
				STRING_CATALOG_GENERATE_SYMBOLS = YES;
				SWIFT_APPROACHABLE_CONCURRENCY = YES;
				SWIFT_DEFAULT_ACTOR_ISOLATION = MainActor;
				SWIFT_EMIT_LOC_STRINGS = YES;
				SWIFT_UPCOMING_FEATURE_MEMBER_IMPORT_VISIBILITY = YES;
				SWIFT_VERSION = 5.0;
				TARGETED_DEVICE_FAMILY = "1,2";
			};
			name = Release;
		};
		9608C8732F82E2F70036D45E /* Debug */ = {
			isa = XCBuildConfiguration;
			buildSettings = {
				BUNDLE_LOADER = "$(TEST_HOST)";
				CODE_SIGN_STYLE = Automatic;
				CURRENT_PROJECT_VERSION = 1;
				DEVELOPMENT_TEAM = 44U2S8ADH2;
				GENERATE_INFOPLIST_FILE = YES;
				IPHONEOS_DEPLOYMENT_TARGET = 26.4;
				MARKETING_VERSION = 1.0;
				PRODUCT_BUNDLE_IDENTIFIER = tyan.thinknoteTests;
				PRODUCT_NAME = "$(TARGET_NAME)";
				STRING_CATALOG_GENERATE_SYMBOLS = NO;
				SWIFT_APPROACHABLE_CONCURRENCY = YES;
				SWIFT_EMIT_LOC_STRINGS = NO;
				SWIFT_UPCOMING_FEATURE_MEMBER_IMPORT_VISIBILITY = YES;
				SWIFT_VERSION = 5.0;
				TARGETED_DEVICE_FAMILY = "1,2";
				TEST_HOST = "$(BUILT_PRODUCTS_DIR)/thinknote.app/$(BUNDLE_EXECUTABLE_FOLDER_PATH)/thinknote";
			};
			name = Debug;
		};
		9608C8742F82E2F70036D45E /* Release */ = {
			isa = XCBuildConfiguration;
			buildSettings = {
				BUNDLE_LOADER = "$(TEST_HOST)";
				CODE_SIGN_STYLE = Automatic;
				CURRENT_PROJECT_VERSION = 1;
				DEVELOPMENT_TEAM = 44U2S8ADH2;
				GENERATE_INFOPLIST_FILE = YES;
				IPHONEOS_DEPLOYMENT_TARGET = 26.4;
				MARKETING_VERSION = 1.0;
				PRODUCT_BUNDLE_IDENTIFIER = tyan.thinknoteTests;
				PRODUCT_NAME = "$(TARGET_NAME)";
				STRING_CATALOG_GENERATE_SYMBOLS = NO;
				SWIFT_APPROACHABLE_CONCURRENCY = YES;
				SWIFT_EMIT_LOC_STRINGS = NO;
				SWIFT_UPCOMING_FEATURE_MEMBER_IMPORT_VISIBILITY = YES;
				SWIFT_VERSION = 5.0;
				TARGETED_DEVICE_FAMILY = "1,2";
				TEST_HOST = "$(BUILT_PRODUCTS_DIR)/thinknote.app/$(BUNDLE_EXECUTABLE_FOLDER_PATH)/thinknote";
			};
			name = Release;
		};
		9608C8762F82E2F70036D45E /* Debug */ = {
			isa = XCBuildConfiguration;
			buildSettings = {
				CODE_SIGN_STYLE = Automatic;
				CURRENT_PROJECT_VERSION = 1;
				DEVELOPMENT_TEAM = 44U2S8ADH2;
				GENERATE_INFOPLIST_FILE = YES;
				MARKETING_VERSION = 1.0;
				PRODUCT_BUNDLE_IDENTIFIER = tyan.thinknoteUITests;
				PRODUCT_NAME = "$(TARGET_NAME)";
				STRING_CATALOG_GENERATE_SYMBOLS = NO;
				SWIFT_APPROACHABLE_CONCURRENCY = YES;
				SWIFT_EMIT_LOC_STRINGS = NO;
				SWIFT_UPCOMING_FEATURE_MEMBER_IMPORT_VISIBILITY = YES;
				SWIFT_VERSION = 5.0;
				TARGETED_DEVICE_FAMILY = "1,2";
				TEST_TARGET_NAME = thinknote;
			};
			name = Debug;
		};
		9608C8772F82E2F70036D45E /* Release */ = {
			isa = XCBuildConfiguration;
			buildSettings = {
				CODE_SIGN_STYLE = Automatic;
				CURRENT_PROJECT_VERSION = 1;
				DEVELOPMENT_TEAM = 44U2S8ADH2;
				GENERATE_INFOPLIST_FILE = YES;
				MARKETING_VERSION = 1.0;
				PRODUCT_BUNDLE_IDENTIFIER = tyan.thinknoteUITests;
				PRODUCT_NAME = "$(TARGET_NAME)";
				STRING_CATALOG_GENERATE_SYMBOLS = NO;
				SWIFT_APPROACHABLE_CONCURRENCY = YES;
				SWIFT_EMIT_LOC_STRINGS = NO;
				SWIFT_UPCOMING_FEATURE_MEMBER_IMPORT_VISIBILITY = YES;
				SWIFT_VERSION = 5.0;
				TARGETED_DEVICE_FAMILY = "1,2";
				TEST_TARGET_NAME = thinknote;
			};
			name = Release;
		};
/* End XCBuildConfiguration section */

/* Begin XCConfigurationList section */
		9608C8472F82E2F40036D45E /* Build configuration list for PBXProject "thinknote" */ = {
			isa = XCConfigurationList;
			buildConfigurations = (
				9608C86D2F82E2F70036D45E /* Debug */,
				9608C86E2F82E2F70036D45E /* Release */,
			);
			defaultConfigurationIsVisible = 0;
			defaultConfigurationName = Release;
		};
		9608C86F2F82E2F70036D45E /* Build configuration list for PBXNativeTarget "thinknote" */ = {
			isa = XCConfigurationList;
			buildConfigurations = (
				9608C8702F82E2F70036D45E /* Debug */,
				9608C8712F82E2F70036D45E /* Release */,
			);
			defaultConfigurationIsVisible = 0;
			defaultConfigurationName = Release;
		};
		9608C8722F82E2F70036D45E /* Build configuration list for PBXNativeTarget "thinknoteTests" */ = {
			isa = XCConfigurationList;
			buildConfigurations = (
				9608C8732F82E2F70036D45E /* Debug */,
				9608C8742F82E2F70036D45E /* Release */,
			);
			defaultConfigurationIsVisible = 0;
			defaultConfigurationName = Release;
		};
		9608C8752F82E2F70036D45E /* Build configuration list for PBXNativeTarget "thinknoteUITests" */ = {
			isa = XCConfigurationList;
			buildConfigurations = (
				9608C8762F82E2F70036D45E /* Debug */,
				9608C8772F82E2F70036D45E /* Release */,
			);
			defaultConfigurationIsVisible = 0;
			defaultConfigurationName = Release;
		};
/* End XCConfigurationList section */
	};
	rootObject = 9608C8442F82E2F40036D45E /* Project object */;
}
